// !$*UTF8*$!
{
	archiveVersion = 1;
	classes = {
	};
	objectVersion = 51;
	objects = {

/* Begin PBXBuildFile section */
		8548F37223A9F5A300E08E9D /* ProductsInteractor.swift in Sources */ = {isa = PBXBuildFile; fileRef = 8548F37123A9F5A300E08E9D /* ProductsInteractor.swift */; };
		8548F37423AA5D0400E08E9D /* RemoteDataSource.swift in Sources */ = {isa = PBXBuildFile; fileRef = 8548F37323AA5D0400E08E9D /* RemoteDataSource.swift */; };
		8548F37623AA669A00E08E9D /* Constants.swift in Sources */ = {isa = PBXBuildFile; fileRef = 8548F37523AA669A00E08E9D /* Constants.swift */; };
		8548F37823AB710300E08E9D /* BasePresenter.swift in Sources */ = {isa = PBXBuildFile; fileRef = 8548F37723AB710300E08E9D /* BasePresenter.swift */; };
		8548F38523ACB11E00E08E9D /* ProductDetailProtocols.swift in Sources */ = {isa = PBXBuildFile; fileRef = 8548F38423ACB11E00E08E9D /* ProductDetailProtocols.swift */; };
		8548F38723ACB12D00E08E9D /* ProductDetailViewController.swift in Sources */ = {isa = PBXBuildFile; fileRef = 8548F38623ACB12D00E08E9D /* ProductDetailViewController.swift */; };
		8548F38923ACB13E00E08E9D /* ProductDetailWireFrame.swift in Sources */ = {isa = PBXBuildFile; fileRef = 8548F38823ACB13E00E08E9D /* ProductDetailWireFrame.swift */; };
		8548F38B23ACB14900E08E9D /* ProductDetailPresenter.swift in Sources */ = {isa = PBXBuildFile; fileRef = 8548F38A23ACB14900E08E9D /* ProductDetailPresenter.swift */; };
		8548F38D23ACB15800E08E9D /* ProductDetailInteractor.swift in Sources */ = {isa = PBXBuildFile; fileRef = 8548F38C23ACB15800E08E9D /* ProductDetailInteractor.swift */; };
		8548F38F23ACB3C400E08E9D /* ProductDetail.swift in Sources */ = {isa = PBXBuildFile; fileRef = 8548F38E23ACB3C400E08E9D /* ProductDetail.swift */; };
		8548F39423AD088A00E08E9D /* MProductsViewController.swift in Sources */ = {isa = PBXBuildFile; fileRef = 8548F39323AD088A00E08E9D /* MProductsViewController.swift */; };
		8548F39623AD08B200E08E9D /* MProductsViewModel.swift in Sources */ = {isa = PBXBuildFile; fileRef = 8548F39523AD08B200E08E9D /* MProductsViewModel.swift */; };
		8548F39823AD08FB00E08E9D /* MProductsProtocols.swift in Sources */ = {isa = PBXBuildFile; fileRef = 8548F39723AD08FB00E08E9D /* MProductsProtocols.swift */; };
		8548F39A23AD0BA800E08E9D /* MProductsModel.swift in Sources */ = {isa = PBXBuildFile; fileRef = 8548F39923AD0BA800E08E9D /* MProductsModel.swift */; };
		8548F39D23B0E14400E08E9D /* Observable.swift in Sources */ = {isa = PBXBuildFile; fileRef = 8548F39C23B0E14400E08E9D /* Observable.swift */; };
		8548F39F23B0FB0E00E08E9D /* ProductsTableViewAdapter.swift in Sources */ = {isa = PBXBuildFile; fileRef = 8548F39E23B0FB0E00E08E9D /* ProductsTableViewAdapter.swift */; };
		8548F3A123B35AA700E08E9D /* BaseViewModel.swift in Sources */ = {isa = PBXBuildFile; fileRef = 8548F3A023B35AA700E08E9D /* BaseViewModel.swift */; };
		8548F3A423B370B900E08E9D /* MProductDetailViewController.swift in Sources */ = {isa = PBXBuildFile; fileRef = 8548F3A323B370B900E08E9D /* MProductDetailViewController.swift */; };
		8548F3A623B370E700E08E9D /* MProductDetailProtocols.swift in Sources */ = {isa = PBXBuildFile; fileRef = 8548F3A523B370E700E08E9D /* MProductDetailProtocols.swift */; };
		8548F3A823B3712200E08E9D /* BaseModel.swift in Sources */ = {isa = PBXBuildFile; fileRef = 8548F3A723B3712200E08E9D /* BaseModel.swift */; };
		8548F3AA23B3745C00E08E9D /* MProductDetailViewModel.swift in Sources */ = {isa = PBXBuildFile; fileRef = 8548F3A923B3745C00E08E9D /* MProductDetailViewModel.swift */; };
		8548F3AC23B37CD200E08E9D /* MProductDetailModel.swift in Sources */ = {isa = PBXBuildFile; fileRef = 8548F3AB23B37CD200E08E9D /* MProductDetailModel.swift */; };
		8548F3B023B3993D00E08E9D /* NavigationEvent.swift in Sources */ = {isa = PBXBuildFile; fileRef = 8548F3AF23B3993D00E08E9D /* NavigationEvent.swift */; };
		8548F3B223B39D8200E08E9D /* BaseMvvMViewController.swift in Sources */ = {isa = PBXBuildFile; fileRef = 8548F3B123B39D8200E08E9D /* BaseMvvMViewController.swift */; };
		8548F3B323B4C96200E08E9D /* MProductsViewModel.swift in Sources */ = {isa = PBXBuildFile; fileRef = 8548F39523AD08B200E08E9D /* MProductsViewModel.swift */; };
		8548F3B423B4C96300E08E9D /* MProductsViewModel.swift in Sources */ = {isa = PBXBuildFile; fileRef = 8548F39523AD08B200E08E9D /* MProductsViewModel.swift */; };
		8548F3B523B4C97200E08E9D /* MProductsViewController.swift in Sources */ = {isa = PBXBuildFile; fileRef = 8548F39323AD088A00E08E9D /* MProductsViewController.swift */; };
		8548F3B623B4C97200E08E9D /* MProductsModel.swift in Sources */ = {isa = PBXBuildFile; fileRef = 8548F39923AD0BA800E08E9D /* MProductsModel.swift */; };
		8548F3B723B4C97200E08E9D /* ProductsTableViewAdapter.swift in Sources */ = {isa = PBXBuildFile; fileRef = 8548F39E23B0FB0E00E08E9D /* ProductsTableViewAdapter.swift */; };
		8548F3B823B4C97200E08E9D /* MProductsProtocols.swift in Sources */ = {isa = PBXBuildFile; fileRef = 8548F39723AD08FB00E08E9D /* MProductsProtocols.swift */; };
		8548F3B923B4C97300E08E9D /* MProductsViewController.swift in Sources */ = {isa = PBXBuildFile; fileRef = 8548F39323AD088A00E08E9D /* MProductsViewController.swift */; };
		8548F3BA23B4C97300E08E9D /* MProductsModel.swift in Sources */ = {isa = PBXBuildFile; fileRef = 8548F39923AD0BA800E08E9D /* MProductsModel.swift */; };
		8548F3BB23B4C97300E08E9D /* ProductsTableViewAdapter.swift in Sources */ = {isa = PBXBuildFile; fileRef = 8548F39E23B0FB0E00E08E9D /* ProductsTableViewAdapter.swift */; };
		8548F3BC23B4C97300E08E9D /* MProductsProtocols.swift in Sources */ = {isa = PBXBuildFile; fileRef = 8548F39723AD08FB00E08E9D /* MProductsProtocols.swift */; };
		8548F3BD23B4C97A00E08E9D /* MProductDetailViewController.swift in Sources */ = {isa = PBXBuildFile; fileRef = 8548F3A323B370B900E08E9D /* MProductDetailViewController.swift */; };
		8548F3BE23B4C97A00E08E9D /* MProductDetailViewModel.swift in Sources */ = {isa = PBXBuildFile; fileRef = 8548F3A923B3745C00E08E9D /* MProductDetailViewModel.swift */; };
		8548F3BF23B4C97A00E08E9D /* MProductDetailModel.swift in Sources */ = {isa = PBXBuildFile; fileRef = 8548F3AB23B37CD200E08E9D /* MProductDetailModel.swift */; };
		8548F3C023B4C97A00E08E9D /* MProductDetailProtocols.swift in Sources */ = {isa = PBXBuildFile; fileRef = 8548F3A523B370E700E08E9D /* MProductDetailProtocols.swift */; };
		8548F3C123B4C97B00E08E9D /* MProductDetailViewController.swift in Sources */ = {isa = PBXBuildFile; fileRef = 8548F3A323B370B900E08E9D /* MProductDetailViewController.swift */; };
		8548F3C223B4C97B00E08E9D /* MProductDetailViewModel.swift in Sources */ = {isa = PBXBuildFile; fileRef = 8548F3A923B3745C00E08E9D /* MProductDetailViewModel.swift */; };
		8548F3C323B4C97B00E08E9D /* MProductDetailModel.swift in Sources */ = {isa = PBXBuildFile; fileRef = 8548F3AB23B37CD200E08E9D /* MProductDetailModel.swift */; };
		8548F3C423B4C97B00E08E9D /* MProductDetailProtocols.swift in Sources */ = {isa = PBXBuildFile; fileRef = 8548F3A523B370E700E08E9D /* MProductDetailProtocols.swift */; };
		8548F3C523B4C98000E08E9D /* ProductDetailProtocols.swift in Sources */ = {isa = PBXBuildFile; fileRef = 8548F38423ACB11E00E08E9D /* ProductDetailProtocols.swift */; };
		8548F3C623B4C98000E08E9D /* ProductDetailViewController.swift in Sources */ = {isa = PBXBuildFile; fileRef = 8548F38623ACB12D00E08E9D /* ProductDetailViewController.swift */; };
		8548F3C723B4C98000E08E9D /* ProductDetailWireFrame.swift in Sources */ = {isa = PBXBuildFile; fileRef = 8548F38823ACB13E00E08E9D /* ProductDetailWireFrame.swift */; };
		8548F3C823B4C98000E08E9D /* ProductDetailPresenter.swift in Sources */ = {isa = PBXBuildFile; fileRef = 8548F38A23ACB14900E08E9D /* ProductDetailPresenter.swift */; };
		8548F3C923B4C98000E08E9D /* ProductDetailInteractor.swift in Sources */ = {isa = PBXBuildFile; fileRef = 8548F38C23ACB15800E08E9D /* ProductDetailInteractor.swift */; };
		8548F3CA23B4C98100E08E9D /* ProductDetailProtocols.swift in Sources */ = {isa = PBXBuildFile; fileRef = 8548F38423ACB11E00E08E9D /* ProductDetailProtocols.swift */; };
		8548F3CB23B4C98100E08E9D /* ProductDetailViewController.swift in Sources */ = {isa = PBXBuildFile; fileRef = 8548F38623ACB12D00E08E9D /* ProductDetailViewController.swift */; };
		8548F3CC23B4C98100E08E9D /* ProductDetailWireFrame.swift in Sources */ = {isa = PBXBuildFile; fileRef = 8548F38823ACB13E00E08E9D /* ProductDetailWireFrame.swift */; };
		8548F3CD23B4C98100E08E9D /* ProductDetailPresenter.swift in Sources */ = {isa = PBXBuildFile; fileRef = 8548F38A23ACB14900E08E9D /* ProductDetailPresenter.swift */; };
		8548F3CE23B4C98100E08E9D /* ProductDetailInteractor.swift in Sources */ = {isa = PBXBuildFile; fileRef = 8548F38C23ACB15800E08E9D /* ProductDetailInteractor.swift */; };
		8548F3CF23B4C98A00E08E9D /* ProductsProtocols.swift in Sources */ = {isa = PBXBuildFile; fileRef = 8573462E23A90C1A00EF36F1 /* ProductsProtocols.swift */; };
		8548F3D023B4C98A00E08E9D /* ProductsViewController.swift in Sources */ = {isa = PBXBuildFile; fileRef = 8573462C23A90BFB00EF36F1 /* ProductsViewController.swift */; };
		8548F3D123B4C98A00E08E9D /* ProductsWireFrame.swift in Sources */ = {isa = PBXBuildFile; fileRef = 8573463023A90D4200EF36F1 /* ProductsWireFrame.swift */; };
		8548F3D223B4C98A00E08E9D /* ProductsPresenter.swift in Sources */ = {isa = PBXBuildFile; fileRef = 8573463523A9126200EF36F1 /* ProductsPresenter.swift */; };
		8548F3D323B4C98A00E08E9D /* ProductsInteractor.swift in Sources */ = {isa = PBXBuildFile; fileRef = 8548F37123A9F5A300E08E9D /* ProductsInteractor.swift */; };
		8548F3D423B4C98A00E08E9D /* ProductsProtocols.swift in Sources */ = {isa = PBXBuildFile; fileRef = 8573462E23A90C1A00EF36F1 /* ProductsProtocols.swift */; };
		8548F3D523B4C98A00E08E9D /* ProductsViewController.swift in Sources */ = {isa = PBXBuildFile; fileRef = 8573462C23A90BFB00EF36F1 /* ProductsViewController.swift */; };
		8548F3D623B4C98A00E08E9D /* ProductsWireFrame.swift in Sources */ = {isa = PBXBuildFile; fileRef = 8573463023A90D4200EF36F1 /* ProductsWireFrame.swift */; };
		8548F3D723B4C98A00E08E9D /* ProductsPresenter.swift in Sources */ = {isa = PBXBuildFile; fileRef = 8573463523A9126200EF36F1 /* ProductsPresenter.swift */; };
		8548F3D823B4C98A00E08E9D /* ProductsInteractor.swift in Sources */ = {isa = PBXBuildFile; fileRef = 8548F37123A9F5A300E08E9D /* ProductsInteractor.swift */; };
		8548F3D923B4C99300E08E9D /* Observable.swift in Sources */ = {isa = PBXBuildFile; fileRef = 8548F39C23B0E14400E08E9D /* Observable.swift */; };
		8548F3DA23B4C99300E08E9D /* BaseViewModel.swift in Sources */ = {isa = PBXBuildFile; fileRef = 8548F3A023B35AA700E08E9D /* BaseViewModel.swift */; };
		8548F3DB23B4C99300E08E9D /* BaseModel.swift in Sources */ = {isa = PBXBuildFile; fileRef = 8548F3A723B3712200E08E9D /* BaseModel.swift */; };
		8548F3DC23B4C99300E08E9D /* NavigationEvent.swift in Sources */ = {isa = PBXBuildFile; fileRef = 8548F3AF23B3993D00E08E9D /* NavigationEvent.swift */; };
		8548F3DD23B4C99300E08E9D /* BaseMvvMViewController.swift in Sources */ = {isa = PBXBuildFile; fileRef = 8548F3B123B39D8200E08E9D /* BaseMvvMViewController.swift */; };
		8548F3DE23B4C99400E08E9D /* Observable.swift in Sources */ = {isa = PBXBuildFile; fileRef = 8548F39C23B0E14400E08E9D /* Observable.swift */; };
		8548F3DF23B4C99400E08E9D /* BaseViewModel.swift in Sources */ = {isa = PBXBuildFile; fileRef = 8548F3A023B35AA700E08E9D /* BaseViewModel.swift */; };
		8548F3E023B4C99400E08E9D /* BaseModel.swift in Sources */ = {isa = PBXBuildFile; fileRef = 8548F3A723B3712200E08E9D /* BaseModel.swift */; };
		8548F3E123B4C99400E08E9D /* NavigationEvent.swift in Sources */ = {isa = PBXBuildFile; fileRef = 8548F3AF23B3993D00E08E9D /* NavigationEvent.swift */; };
		8548F3E223B4C99400E08E9D /* BaseMvvMViewController.swift in Sources */ = {isa = PBXBuildFile; fileRef = 8548F3B123B39D8200E08E9D /* BaseMvvMViewController.swift */; };
		8548F3E323B4C99900E08E9D /* BaseWireFrame.swift in Sources */ = {isa = PBXBuildFile; fileRef = 8573463323A90D8B00EF36F1 /* BaseWireFrame.swift */; };
		8548F3E423B4C99900E08E9D /* BaseView.swift in Sources */ = {isa = PBXBuildFile; fileRef = 8573463723A9129800EF36F1 /* BaseView.swift */; };
		8548F3E523B4C99900E08E9D /* BasePresenter.swift in Sources */ = {isa = PBXBuildFile; fileRef = 8548F37723AB710300E08E9D /* BasePresenter.swift */; };
		8548F3E623B4C99900E08E9D /* BaseWireFrame.swift in Sources */ = {isa = PBXBuildFile; fileRef = 8573463323A90D8B00EF36F1 /* BaseWireFrame.swift */; };
		8548F3E723B4C99900E08E9D /* BaseView.swift in Sources */ = {isa = PBXBuildFile; fileRef = 8573463723A9129800EF36F1 /* BaseView.swift */; };
		8548F3E823B4C99900E08E9D /* BasePresenter.swift in Sources */ = {isa = PBXBuildFile; fileRef = 8548F37723AB710300E08E9D /* BasePresenter.swift */; };
		8548F3E923B4C99D00E08E9D /* BaseViewController.swift in Sources */ = {isa = PBXBuildFile; fileRef = 8573463923A9171E00EF36F1 /* BaseViewController.swift */; };
		8548F3EA23B4C99E00E08E9D /* BaseViewController.swift in Sources */ = {isa = PBXBuildFile; fileRef = 8573463923A9171E00EF36F1 /* BaseViewController.swift */; };
		8548F3EB23B4C9A700E08E9D /* ProductsResponse.swift in Sources */ = {isa = PBXBuildFile; fileRef = 8573462923A2612700EF36F1 /* ProductsResponse.swift */; };
		8548F3EC23B4C9A700E08E9D /* ProductDetail.swift in Sources */ = {isa = PBXBuildFile; fileRef = 8548F38E23ACB3C400E08E9D /* ProductDetail.swift */; };
		8548F3ED23B4C9A700E08E9D /* RemoteDataSource.swift in Sources */ = {isa = PBXBuildFile; fileRef = 8548F37323AA5D0400E08E9D /* RemoteDataSource.swift */; };
		8548F3EE23B4C9A700E08E9D /* ProductsResponse.swift in Sources */ = {isa = PBXBuildFile; fileRef = 8573462923A2612700EF36F1 /* ProductsResponse.swift */; };
		8548F3EF23B4C9A700E08E9D /* ProductDetail.swift in Sources */ = {isa = PBXBuildFile; fileRef = 8548F38E23ACB3C400E08E9D /* ProductDetail.swift */; };
		8548F3F023B4C9A700E08E9D /* RemoteDataSource.swift in Sources */ = {isa = PBXBuildFile; fileRef = 8548F37323AA5D0400E08E9D /* RemoteDataSource.swift */; };
		8548F3F123B4C9B400E08E9D /* AppDelegate.swift in Sources */ = {isa = PBXBuildFile; fileRef = 857345F423A2549B00EF36F1 /* AppDelegate.swift */; };
		8548F3F223B4C9B400E08E9D /* ViewController.swift in Sources */ = {isa = PBXBuildFile; fileRef = 857345F823A2549B00EF36F1 /* ViewController.swift */; };
		8548F3F323B4C9B400E08E9D /* Constants.swift in Sources */ = {isa = PBXBuildFile; fileRef = 8548F37523AA669A00E08E9D /* Constants.swift */; };
		8548F3F423B4C9B500E08E9D /* AppDelegate.swift in Sources */ = {isa = PBXBuildFile; fileRef = 857345F423A2549B00EF36F1 /* AppDelegate.swift */; };
		8548F3F523B4C9B500E08E9D /* ViewController.swift in Sources */ = {isa = PBXBuildFile; fileRef = 857345F823A2549B00EF36F1 /* ViewController.swift */; };
		8548F3F623B4C9B500E08E9D /* Constants.swift in Sources */ = {isa = PBXBuildFile; fileRef = 8548F37523AA669A00E08E9D /* Constants.swift */; };
		8548F3FB23BE205100E08E9D /* Binding.swift in Sources */ = {isa = PBXBuildFile; fileRef = 8548F3FA23BE205100E08E9D /* Binding.swift */; };
		857345F523A2549B00EF36F1 /* AppDelegate.swift in Sources */ = {isa = PBXBuildFile; fileRef = 857345F423A2549B00EF36F1 /* AppDelegate.swift */; };
		857345F723A2549B00EF36F1 /* SceneDelegate.swift in Sources */ = {isa = PBXBuildFile; fileRef = 857345F623A2549B00EF36F1 /* SceneDelegate.swift */; };
		857345F923A2549B00EF36F1 /* ViewController.swift in Sources */ = {isa = PBXBuildFile; fileRef = 857345F823A2549B00EF36F1 /* ViewController.swift */; };
		857345FC23A2549B00EF36F1 /* Main.storyboard in Resources */ = {isa = PBXBuildFile; fileRef = 857345FA23A2549B00EF36F1 /* Main.storyboard */; };
		857345FE23A2549D00EF36F1 /* Assets.xcassets in Resources */ = {isa = PBXBuildFile; fileRef = 857345FD23A2549D00EF36F1 /* Assets.xcassets */; };
		8573460123A2549D00EF36F1 /* LaunchScreen.storyboard in Resources */ = {isa = PBXBuildFile; fileRef = 857345FF23A2549D00EF36F1 /* LaunchScreen.storyboard */; };
		8573460C23A2549E00EF36F1 /* MVVMStudyTests.swift in Sources */ = {isa = PBXBuildFile; fileRef = 8573460B23A2549E00EF36F1 /* MVVMStudyTests.swift */; };
		8573461723A2549E00EF36F1 /* MVVMStudyUITests.swift in Sources */ = {isa = PBXBuildFile; fileRef = 8573461623A2549E00EF36F1 /* MVVMStudyUITests.swift */; };
		8573462A23A2612700EF36F1 /* ProductsResponse.swift in Sources */ = {isa = PBXBuildFile; fileRef = 8573462923A2612700EF36F1 /* ProductsResponse.swift */; };
		8573462D23A90BFB00EF36F1 /* ProductsViewController.swift in Sources */ = {isa = PBXBuildFile; fileRef = 8573462C23A90BFB00EF36F1 /* ProductsViewController.swift */; };
		8573462F23A90C1A00EF36F1 /* ProductsProtocols.swift in Sources */ = {isa = PBXBuildFile; fileRef = 8573462E23A90C1A00EF36F1 /* ProductsProtocols.swift */; };
		8573463123A90D4200EF36F1 /* ProductsWireFrame.swift in Sources */ = {isa = PBXBuildFile; fileRef = 8573463023A90D4200EF36F1 /* ProductsWireFrame.swift */; };
		8573463423A90D8B00EF36F1 /* BaseWireFrame.swift in Sources */ = {isa = PBXBuildFile; fileRef = 8573463323A90D8B00EF36F1 /* BaseWireFrame.swift */; };
		8573463623A9126200EF36F1 /* ProductsPresenter.swift in Sources */ = {isa = PBXBuildFile; fileRef = 8573463523A9126200EF36F1 /* ProductsPresenter.swift */; };
		8573463823A9129800EF36F1 /* BaseView.swift in Sources */ = {isa = PBXBuildFile; fileRef = 8573463723A9129800EF36F1 /* BaseView.swift */; };
		8573463A23A9171E00EF36F1 /* BaseViewController.swift in Sources */ = {isa = PBXBuildFile; fileRef = 8573463923A9171E00EF36F1 /* BaseViewController.swift */; };
		D644A53DC41F1B378D8D195C /* Pods_MVVMStudy_MVVMStudyUITests.framework in Frameworks */ = {isa = PBXBuildFile; fileRef = B00FE41AB258F2DB57F8173C /* Pods_MVVMStudy_MVVMStudyUITests.framework */; };
		D8B6CAD51EE49AFC2B78AE46 /* Pods_MVVMStudyTests.framework in Frameworks */ = {isa = PBXBuildFile; fileRef = 528FC42C0119F717CC8395F6 /* Pods_MVVMStudyTests.framework */; };
		EC5739FAAF7DDC7D67BEE26A /* Pods_MVVMStudy.framework in Frameworks */ = {isa = PBXBuildFile; fileRef = 75EABF4734B62B4CC8AC8159 /* Pods_MVVMStudy.framework */; };
/* End PBXBuildFile section */

/* Begin PBXContainerItemProxy section */
		8573460823A2549E00EF36F1 /* PBXContainerItemProxy */ = {
			isa = PBXContainerItemProxy;
			containerPortal = 857345E923A2549B00EF36F1 /* Project object */;
			proxyType = 1;
			remoteGlobalIDString = 857345F023A2549B00EF36F1;
			remoteInfo = MVVMStudy;
		};
		8573461323A2549E00EF36F1 /* PBXContainerItemProxy */ = {
			isa = PBXContainerItemProxy;
			containerPortal = 857345E923A2549B00EF36F1 /* Project object */;
			proxyType = 1;
			remoteGlobalIDString = 857345F023A2549B00EF36F1;
			remoteInfo = MVVMStudy;
		};
/* End PBXContainerItemProxy section */

/* Begin PBXFileReference section */
		452CDD3031409FEE3E133B5A /* Pods-MVVMStudyTests.release.xcconfig */ = {isa = PBXFileReference; includeInIndex = 1; lastKnownFileType = text.xcconfig; name = "Pods-MVVMStudyTests.release.xcconfig"; path = "Target Support Files/Pods-MVVMStudyTests/Pods-MVVMStudyTests.release.xcconfig"; sourceTree = "<group>"; };
		4AC42AF3FD438447E570534C /* Pods-MVVMStudy-MVVMStudyUITests.release.xcconfig */ = {isa = PBXFileReference; includeInIndex = 1; lastKnownFileType = text.xcconfig; name = "Pods-MVVMStudy-MVVMStudyUITests.release.xcconfig"; path = "Target Support Files/Pods-MVVMStudy-MVVMStudyUITests/Pods-MVVMStudy-MVVMStudyUITests.release.xcconfig"; sourceTree = "<group>"; };
		528FC42C0119F717CC8395F6 /* Pods_MVVMStudyTests.framework */ = {isa = PBXFileReference; explicitFileType = wrapper.framework; includeInIndex = 0; path = Pods_MVVMStudyTests.framework; sourceTree = BUILT_PRODUCTS_DIR; };
		5C59CA35E03F87DD5B24A6DD /* Pods-MVVMStudy-MVVMStudyUITests.debug.xcconfig */ = {isa = PBXFileReference; includeInIndex = 1; lastKnownFileType = text.xcconfig; name = "Pods-MVVMStudy-MVVMStudyUITests.debug.xcconfig"; path = "Target Support Files/Pods-MVVMStudy-MVVMStudyUITests/Pods-MVVMStudy-MVVMStudyUITests.debug.xcconfig"; sourceTree = "<group>"; };
		648725B33B50187CA8ECF79E /* Pods-MVVMStudy.debug.xcconfig */ = {isa = PBXFileReference; includeInIndex = 1; lastKnownFileType = text.xcconfig; name = "Pods-MVVMStudy.debug.xcconfig"; path = "Target Support Files/Pods-MVVMStudy/Pods-MVVMStudy.debug.xcconfig"; sourceTree = "<group>"; };
		6B714A4E0A7BF7374B5C57B2 /* Pods-MVVMStudy.release.xcconfig */ = {isa = PBXFileReference; includeInIndex = 1; lastKnownFileType = text.xcconfig; name = "Pods-MVVMStudy.release.xcconfig"; path = "Target Support Files/Pods-MVVMStudy/Pods-MVVMStudy.release.xcconfig"; sourceTree = "<group>"; };
		75EABF4734B62B4CC8AC8159 /* Pods_MVVMStudy.framework */ = {isa = PBXFileReference; explicitFileType = wrapper.framework; includeInIndex = 0; path = Pods_MVVMStudy.framework; sourceTree = BUILT_PRODUCTS_DIR; };
		8548F37123A9F5A300E08E9D /* ProductsInteractor.swift */ = {isa = PBXFileReference; lastKnownFileType = sourcecode.swift; path = ProductsInteractor.swift; sourceTree = "<group>"; };
		8548F37323AA5D0400E08E9D /* RemoteDataSource.swift */ = {isa = PBXFileReference; lastKnownFileType = sourcecode.swift; path = RemoteDataSource.swift; sourceTree = "<group>"; };
		8548F37523AA669A00E08E9D /* Constants.swift */ = {isa = PBXFileReference; lastKnownFileType = sourcecode.swift; path = Constants.swift; sourceTree = "<group>"; };
		8548F37723AB710300E08E9D /* BasePresenter.swift */ = {isa = PBXFileReference; lastKnownFileType = sourcecode.swift; path = BasePresenter.swift; sourceTree = "<group>"; };
		8548F38423ACB11E00E08E9D /* ProductDetailProtocols.swift */ = {isa = PBXFileReference; lastKnownFileType = sourcecode.swift; path = ProductDetailProtocols.swift; sourceTree = "<group>"; };
		8548F38623ACB12D00E08E9D /* ProductDetailViewController.swift */ = {isa = PBXFileReference; lastKnownFileType = sourcecode.swift; path = ProductDetailViewController.swift; sourceTree = "<group>"; };
		8548F38823ACB13E00E08E9D /* ProductDetailWireFrame.swift */ = {isa = PBXFileReference; lastKnownFileType = sourcecode.swift; path = ProductDetailWireFrame.swift; sourceTree = "<group>"; };
		8548F38A23ACB14900E08E9D /* ProductDetailPresenter.swift */ = {isa = PBXFileReference; lastKnownFileType = sourcecode.swift; path = ProductDetailPresenter.swift; sourceTree = "<group>"; };
		8548F38C23ACB15800E08E9D /* ProductDetailInteractor.swift */ = {isa = PBXFileReference; lastKnownFileType = sourcecode.swift; path = ProductDetailInteractor.swift; sourceTree = "<group>"; };
		8548F38E23ACB3C400E08E9D /* ProductDetail.swift */ = {isa = PBXFileReference; lastKnownFileType = sourcecode.swift; path = ProductDetail.swift; sourceTree = "<group>"; };
		8548F39323AD088A00E08E9D /* MProductsViewController.swift */ = {isa = PBXFileReference; lastKnownFileType = sourcecode.swift; path = MProductsViewController.swift; sourceTree = "<group>"; };
		8548F39523AD08B200E08E9D /* MProductsViewModel.swift */ = {isa = PBXFileReference; lastKnownFileType = sourcecode.swift; path = MProductsViewModel.swift; sourceTree = "<group>"; };
		8548F39723AD08FB00E08E9D /* MProductsProtocols.swift */ = {isa = PBXFileReference; lastKnownFileType = sourcecode.swift; path = MProductsProtocols.swift; sourceTree = "<group>"; };
		8548F39923AD0BA800E08E9D /* MProductsModel.swift */ = {isa = PBXFileReference; lastKnownFileType = sourcecode.swift; path = MProductsModel.swift; sourceTree = "<group>"; };
		8548F39C23B0E14400E08E9D /* Observable.swift */ = {isa = PBXFileReference; lastKnownFileType = sourcecode.swift; path = Observable.swift; sourceTree = "<group>"; };
		8548F39E23B0FB0E00E08E9D /* ProductsTableViewAdapter.swift */ = {isa = PBXFileReference; lastKnownFileType = sourcecode.swift; path = ProductsTableViewAdapter.swift; sourceTree = "<group>"; };
		8548F3A023B35AA700E08E9D /* BaseViewModel.swift */ = {isa = PBXFileReference; lastKnownFileType = sourcecode.swift; path = BaseViewModel.swift; sourceTree = "<group>"; };
		8548F3A323B370B900E08E9D /* MProductDetailViewController.swift */ = {isa = PBXFileReference; lastKnownFileType = sourcecode.swift; path = MProductDetailViewController.swift; sourceTree = "<group>"; };
		8548F3A523B370E700E08E9D /* MProductDetailProtocols.swift */ = {isa = PBXFileReference; lastKnownFileType = sourcecode.swift; path = MProductDetailProtocols.swift; sourceTree = "<group>"; };
		8548F3A723B3712200E08E9D /* BaseModel.swift */ = {isa = PBXFileReference; lastKnownFileType = sourcecode.swift; path = BaseModel.swift; sourceTree = "<group>"; };
		8548F3A923B3745C00E08E9D /* MProductDetailViewModel.swift */ = {isa = PBXFileReference; lastKnownFileType = sourcecode.swift; path = MProductDetailViewModel.swift; sourceTree = "<group>"; };
		8548F3AB23B37CD200E08E9D /* MProductDetailModel.swift */ = {isa = PBXFileReference; lastKnownFileType = sourcecode.swift; path = MProductDetailModel.swift; sourceTree = "<group>"; };
		8548F3AF23B3993D00E08E9D /* NavigationEvent.swift */ = {isa = PBXFileReference; lastKnownFileType = sourcecode.swift; path = NavigationEvent.swift; sourceTree = "<group>"; };
		8548F3B123B39D8200E08E9D /* BaseMvvMViewController.swift */ = {isa = PBXFileReference; lastKnownFileType = sourcecode.swift; path = BaseMvvMViewController.swift; sourceTree = "<group>"; };
		8548F3FA23BE205100E08E9D /* Binding.swift */ = {isa = PBXFileReference; lastKnownFileType = sourcecode.swift; path = Binding.swift; sourceTree = "<group>"; };
		857345F123A2549B00EF36F1 /* MVVMStudy.app */ = {isa = PBXFileReference; explicitFileType = wrapper.application; includeInIndex = 0; path = MVVMStudy.app; sourceTree = BUILT_PRODUCTS_DIR; };
		857345F423A2549B00EF36F1 /* AppDelegate.swift */ = {isa = PBXFileReference; lastKnownFileType = sourcecode.swift; path = AppDelegate.swift; sourceTree = "<group>"; };
		857345F623A2549B00EF36F1 /* SceneDelegate.swift */ = {isa = PBXFileReference; lastKnownFileType = sourcecode.swift; path = SceneDelegate.swift; sourceTree = "<group>"; };
		857345F823A2549B00EF36F1 /* ViewController.swift */ = {isa = PBXFileReference; lastKnownFileType = sourcecode.swift; path = ViewController.swift; sourceTree = "<group>"; };
		857345FB23A2549B00EF36F1 /* Base */ = {isa = PBXFileReference; lastKnownFileType = file.storyboard; name = Base; path = Base.lproj/Main.storyboard; sourceTree = "<group>"; };
		857345FD23A2549D00EF36F1 /* Assets.xcassets */ = {isa = PBXFileReference; lastKnownFileType = folder.assetcatalog; path = Assets.xcassets; sourceTree = "<group>"; };
		8573460023A2549D00EF36F1 /* Base */ = {isa = PBXFileReference; lastKnownFileType = file.storyboard; name = Base; path = Base.lproj/LaunchScreen.storyboard; sourceTree = "<group>"; };
		8573460223A2549D00EF36F1 /* Info.plist */ = {isa = PBXFileReference; lastKnownFileType = text.plist.xml; path = Info.plist; sourceTree = "<group>"; };
		8573460723A2549E00EF36F1 /* MVVMStudyTests.xctest */ = {isa = PBXFileReference; explicitFileType = wrapper.cfbundle; includeInIndex = 0; path = MVVMStudyTests.xctest; sourceTree = BUILT_PRODUCTS_DIR; };
		8573460B23A2549E00EF36F1 /* MVVMStudyTests.swift */ = {isa = PBXFileReference; lastKnownFileType = sourcecode.swift; path = MVVMStudyTests.swift; sourceTree = "<group>"; };
		8573460D23A2549E00EF36F1 /* Info.plist */ = {isa = PBXFileReference; lastKnownFileType = text.plist.xml; path = Info.plist; sourceTree = "<group>"; };
		8573461223A2549E00EF36F1 /* MVVMStudyUITests.xctest */ = {isa = PBXFileReference; explicitFileType = wrapper.cfbundle; includeInIndex = 0; path = MVVMStudyUITests.xctest; sourceTree = BUILT_PRODUCTS_DIR; };
		8573461623A2549E00EF36F1 /* MVVMStudyUITests.swift */ = {isa = PBXFileReference; lastKnownFileType = sourcecode.swift; path = MVVMStudyUITests.swift; sourceTree = "<group>"; };
		8573461823A2549E00EF36F1 /* Info.plist */ = {isa = PBXFileReference; lastKnownFileType = text.plist.xml; path = Info.plist; sourceTree = "<group>"; };
		8573462923A2612700EF36F1 /* ProductsResponse.swift */ = {isa = PBXFileReference; lastKnownFileType = sourcecode.swift; path = ProductsResponse.swift; sourceTree = "<group>"; };
		8573462C23A90BFB00EF36F1 /* ProductsViewController.swift */ = {isa = PBXFileReference; lastKnownFileType = sourcecode.swift; path = ProductsViewController.swift; sourceTree = "<group>"; };
		8573462E23A90C1A00EF36F1 /* ProductsProtocols.swift */ = {isa = PBXFileReference; lastKnownFileType = sourcecode.swift; path = ProductsProtocols.swift; sourceTree = "<group>"; };
		8573463023A90D4200EF36F1 /* ProductsWireFrame.swift */ = {isa = PBXFileReference; lastKnownFileType = sourcecode.swift; path = ProductsWireFrame.swift; sourceTree = "<group>"; };
		8573463323A90D8B00EF36F1 /* BaseWireFrame.swift */ = {isa = PBXFileReference; lastKnownFileType = sourcecode.swift; path = BaseWireFrame.swift; sourceTree = "<group>"; };
		8573463523A9126200EF36F1 /* ProductsPresenter.swift */ = {isa = PBXFileReference; lastKnownFileType = sourcecode.swift; path = ProductsPresenter.swift; sourceTree = "<group>"; };
		8573463723A9129800EF36F1 /* BaseView.swift */ = {isa = PBXFileReference; lastKnownFileType = sourcecode.swift; path = BaseView.swift; sourceTree = "<group>"; };
		8573463923A9171E00EF36F1 /* BaseViewController.swift */ = {isa = PBXFileReference; lastKnownFileType = sourcecode.swift; path = BaseViewController.swift; sourceTree = "<group>"; };
		8610AD3D376622D4E0C5286A /* Pods-MVVMStudyTests.debug.xcconfig */ = {isa = PBXFileReference; includeInIndex = 1; lastKnownFileType = text.xcconfig; name = "Pods-MVVMStudyTests.debug.xcconfig"; path = "Target Support Files/Pods-MVVMStudyTests/Pods-MVVMStudyTests.debug.xcconfig"; sourceTree = "<group>"; };
		B00FE41AB258F2DB57F8173C /* Pods_MVVMStudy_MVVMStudyUITests.framework */ = {isa = PBXFileReference; explicitFileType = wrapper.framework; includeInIndex = 0; path = Pods_MVVMStudy_MVVMStudyUITests.framework; sourceTree = BUILT_PRODUCTS_DIR; };
/* End PBXFileReference section */

/* Begin PBXFrameworksBuildPhase section */
		857345EE23A2549B00EF36F1 /* Frameworks */ = {
			isa = PBXFrameworksBuildPhase;
			buildActionMask = 2147483647;
			files = (
				EC5739FAAF7DDC7D67BEE26A /* Pods_MVVMStudy.framework in Frameworks */,
			);
			runOnlyForDeploymentPostprocessing = 0;
		};
		8573460423A2549E00EF36F1 /* Frameworks */ = {
			isa = PBXFrameworksBuildPhase;
			buildActionMask = 2147483647;
			files = (
				D8B6CAD51EE49AFC2B78AE46 /* Pods_MVVMStudyTests.framework in Frameworks */,
			);
			runOnlyForDeploymentPostprocessing = 0;
		};
		8573460F23A2549E00EF36F1 /* Frameworks */ = {
			isa = PBXFrameworksBuildPhase;
			buildActionMask = 2147483647;
			files = (
				D644A53DC41F1B378D8D195C /* Pods_MVVMStudy_MVVMStudyUITests.framework in Frameworks */,
			);
			runOnlyForDeploymentPostprocessing = 0;
		};
/* End PBXFrameworksBuildPhase section */

/* Begin PBXGroup section */
		5875C84F9C6056B51034337E /* Frameworks */ = {
			isa = PBXGroup;
			children = (
				75EABF4734B62B4CC8AC8159 /* Pods_MVVMStudy.framework */,
				B00FE41AB258F2DB57F8173C /* Pods_MVVMStudy_MVVMStudyUITests.framework */,
				528FC42C0119F717CC8395F6 /* Pods_MVVMStudyTests.framework */,
			);
			name = Frameworks;
			sourceTree = "<group>";
		};
		8548F38323ACB10100E08E9D /* ProductDetail */ = {
			isa = PBXGroup;
			children = (
				8548F38423ACB11E00E08E9D /* ProductDetailProtocols.swift */,
				8548F38623ACB12D00E08E9D /* ProductDetailViewController.swift */,
				8548F38823ACB13E00E08E9D /* ProductDetailWireFrame.swift */,
				8548F38A23ACB14900E08E9D /* ProductDetailPresenter.swift */,
				8548F38C23ACB15800E08E9D /* ProductDetailInteractor.swift */,
			);
			path = ProductDetail;
			sourceTree = "<group>";
		};
		8548F39023AD083B00E08E9D /* Viper */ = {
			isa = PBXGroup;
			children = (
				8548F38323ACB10100E08E9D /* ProductDetail */,
				8573462B23A90BE200EF36F1 /* Products */,
			);
			path = Viper;
			sourceTree = "<group>";
		};
		8548F39123AD086100E08E9D /* Mvvm */ = {
			isa = PBXGroup;
			children = (
				8548F39223AD087000E08E9D /* Products */,
				8548F3A223B3706700E08E9D /* ProductDetail */,
			);
			path = Mvvm;
			sourceTree = "<group>";
		};
		8548F39223AD087000E08E9D /* Products */ = {
			isa = PBXGroup;
			children = (
				8548F39323AD088A00E08E9D /* MProductsViewController.swift */,
				8548F39523AD08B200E08E9D /* MProductsViewModel.swift */,
				8548F39923AD0BA800E08E9D /* MProductsModel.swift */,
				8548F39E23B0FB0E00E08E9D /* ProductsTableViewAdapter.swift */,
				8548F39723AD08FB00E08E9D /* MProductsProtocols.swift */,
			);
			path = Products;
			sourceTree = "<group>";
		};
		8548F3A223B3706700E08E9D /* ProductDetail */ = {
			isa = PBXGroup;
			children = (
				8548F3A323B370B900E08E9D /* MProductDetailViewController.swift */,
				8548F3A923B3745C00E08E9D /* MProductDetailViewModel.swift */,
				8548F3AB23B37CD200E08E9D /* MProductDetailModel.swift */,
				8548F3A523B370E700E08E9D /* MProductDetailProtocols.swift */,
			);
			path = ProductDetail;
			sourceTree = "<group>";
		};
		8548F3AD23B397A100E08E9D /* Viper */ = {
			isa = PBXGroup;
			children = (
				8573463323A90D8B00EF36F1 /* BaseWireFrame.swift */,
				8573463723A9129800EF36F1 /* BaseView.swift */,
				8548F37723AB710300E08E9D /* BasePresenter.swift */,
			);
			path = Viper;
			sourceTree = "<group>";
		};
		8548F3AE23B397B300E08E9D /* Mvvm */ = {
			isa = PBXGroup;
			children = (
				8548F3F923BE203500E08E9D /* Observation */,
				8548F3A023B35AA700E08E9D /* BaseViewModel.swift */,
				8548F3A723B3712200E08E9D /* BaseModel.swift */,
				8548F3AF23B3993D00E08E9D /* NavigationEvent.swift */,
				8548F3B123B39D8200E08E9D /* BaseMvvMViewController.swift */,
			);
			path = Mvvm;
			sourceTree = "<group>";
		};
		8548F3F923BE203500E08E9D /* Observation */ = {
			isa = PBXGroup;
			children = (
				8548F39C23B0E14400E08E9D /* Observable.swift */,
				8548F3FA23BE205100E08E9D /* Binding.swift */,
			);
			path = Observation;
			sourceTree = "<group>";
		};
		857345E823A2549B00EF36F1 = {
			isa = PBXGroup;
			children = (
				857345F323A2549B00EF36F1 /* MVVMStudy */,
				8573460A23A2549E00EF36F1 /* MVVMStudyTests */,
				8573461523A2549E00EF36F1 /* MVVMStudyUITests */,
				857345F223A2549B00EF36F1 /* Products */,
				FCA6B1A8F88B29F5E851EAE9 /* Pods */,
				5875C84F9C6056B51034337E /* Frameworks */,
			);
			sourceTree = "<group>";
		};
		857345F223A2549B00EF36F1 /* Products */ = {
			isa = PBXGroup;
			children = (
				857345F123A2549B00EF36F1 /* MVVMStudy.app */,
				8573460723A2549E00EF36F1 /* MVVMStudyTests.xctest */,
				8573461223A2549E00EF36F1 /* MVVMStudyUITests.xctest */,
			);
			name = Products;
			sourceTree = "<group>";
		};
		857345F323A2549B00EF36F1 /* MVVMStudy */ = {
			isa = PBXGroup;
			children = (
				8548F39123AD086100E08E9D /* Mvvm */,
				8548F39023AD083B00E08E9D /* Viper */,
				8573463223A90D7C00EF36F1 /* Base */,
				8573462723A25DCA00EF36F1 /* Model */,
				8573462423A25C4700EF36F1 /* ApiService */,
				857345F423A2549B00EF36F1 /* AppDelegate.swift */,
				857345F623A2549B00EF36F1 /* SceneDelegate.swift */,
				857345F823A2549B00EF36F1 /* ViewController.swift */,
				857345FA23A2549B00EF36F1 /* Main.storyboard */,
				857345FD23A2549D00EF36F1 /* Assets.xcassets */,
				857345FF23A2549D00EF36F1 /* LaunchScreen.storyboard */,
				8573460223A2549D00EF36F1 /* Info.plist */,
				8548F37523AA669A00E08E9D /* Constants.swift */,
			);
			path = MVVMStudy;
			sourceTree = "<group>";
		};
		8573460A23A2549E00EF36F1 /* MVVMStudyTests */ = {
			isa = PBXGroup;
			children = (
				8573460B23A2549E00EF36F1 /* MVVMStudyTests.swift */,
				8573460D23A2549E00EF36F1 /* Info.plist */,
			);
			path = MVVMStudyTests;
			sourceTree = "<group>";
		};
		8573461523A2549E00EF36F1 /* MVVMStudyUITests */ = {
			isa = PBXGroup;
			children = (
				8573461623A2549E00EF36F1 /* MVVMStudyUITests.swift */,
				8573461823A2549E00EF36F1 /* Info.plist */,
			);
			path = MVVMStudyUITests;
			sourceTree = "<group>";
		};
		8573462423A25C4700EF36F1 /* ApiService */ = {
			isa = PBXGroup;
			children = (
				8548F37323AA5D0400E08E9D /* RemoteDataSource.swift */,
			);
			path = ApiService;
			sourceTree = "<group>";
		};
		8573462723A25DCA00EF36F1 /* Model */ = {
			isa = PBXGroup;
			children = (
				8573462823A25DDE00EF36F1 /* DataObject */,
			);
			path = Model;
			sourceTree = "<group>";
		};
		8573462823A25DDE00EF36F1 /* DataObject */ = {
			isa = PBXGroup;
			children = (
				8573462923A2612700EF36F1 /* ProductsResponse.swift */,
				8548F38E23ACB3C400E08E9D /* ProductDetail.swift */,
			);
			path = DataObject;
			sourceTree = "<group>";
		};
		8573462B23A90BE200EF36F1 /* Products */ = {
			isa = PBXGroup;
			children = (
				8573462E23A90C1A00EF36F1 /* ProductsProtocols.swift */,
				8573462C23A90BFB00EF36F1 /* ProductsViewController.swift */,
				8573463023A90D4200EF36F1 /* ProductsWireFrame.swift */,
				8573463523A9126200EF36F1 /* ProductsPresenter.swift */,
				8548F37123A9F5A300E08E9D /* ProductsInteractor.swift */,
			);
			path = Products;
			sourceTree = "<group>";
		};
		8573463223A90D7C00EF36F1 /* Base */ = {
			isa = PBXGroup;
			children = (
				8548F3AE23B397B300E08E9D /* Mvvm */,
				8548F3AD23B397A100E08E9D /* Viper */,
				8573463923A9171E00EF36F1 /* BaseViewController.swift */,
			);
			path = Base;
			sourceTree = "<group>";
		};
		FCA6B1A8F88B29F5E851EAE9 /* Pods */ = {
			isa = PBXGroup;
			children = (
				648725B33B50187CA8ECF79E /* Pods-MVVMStudy.debug.xcconfig */,
				6B714A4E0A7BF7374B5C57B2 /* Pods-MVVMStudy.release.xcconfig */,
				5C59CA35E03F87DD5B24A6DD /* Pods-MVVMStudy-MVVMStudyUITests.debug.xcconfig */,
				4AC42AF3FD438447E570534C /* Pods-MVVMStudy-MVVMStudyUITests.release.xcconfig */,
				8610AD3D376622D4E0C5286A /* Pods-MVVMStudyTests.debug.xcconfig */,
				452CDD3031409FEE3E133B5A /* Pods-MVVMStudyTests.release.xcconfig */,
			);
			path = Pods;
			sourceTree = "<group>";
		};
/* End PBXGroup section */

/* Begin PBXNativeTarget section */
		857345F023A2549B00EF36F1 /* MVVMStudy */ = {
			isa = PBXNativeTarget;
			buildConfigurationList = 8573461B23A2549E00EF36F1 /* Build configuration list for PBXNativeTarget "MVVMStudy" */;
			buildPhases = (
				27D92B70CA4738C8100A0608 /* [CP] Check Pods Manifest.lock */,
				857345ED23A2549B00EF36F1 /* Sources */,
				857345EE23A2549B00EF36F1 /* Frameworks */,
				857345EF23A2549B00EF36F1 /* Resources */,
				4AF96A742BEC31624BBEC840 /* [CP] Embed Pods Frameworks */,
			);
			buildRules = (
			);
			dependencies = (
			);
			name = MVVMStudy;
			productName = MVVMStudy;
			productReference = 857345F123A2549B00EF36F1 /* MVVMStudy.app */;
			productType = "com.apple.product-type.application";
		};
		8573460623A2549E00EF36F1 /* MVVMStudyTests */ = {
			isa = PBXNativeTarget;
			buildConfigurationList = 8573461E23A2549E00EF36F1 /* Build configuration list for PBXNativeTarget "MVVMStudyTests" */;
			buildPhases = (
				5B42F6DC7E8DB853097419F1 /* [CP] Check Pods Manifest.lock */,
				8573460323A2549E00EF36F1 /* Sources */,
				8573460423A2549E00EF36F1 /* Frameworks */,
				8573460523A2549E00EF36F1 /* Resources */,
			);
			buildRules = (
			);
			dependencies = (
				8573460923A2549E00EF36F1 /* PBXTargetDependency */,
			);
			name = MVVMStudyTests;
			productName = MVVMStudyTests;
			productReference = 8573460723A2549E00EF36F1 /* MVVMStudyTests.xctest */;
			productType = "com.apple.product-type.bundle.unit-test";
		};
		8573461123A2549E00EF36F1 /* MVVMStudyUITests */ = {
			isa = PBXNativeTarget;
			buildConfigurationList = 8573462123A2549E00EF36F1 /* Build configuration list for PBXNativeTarget "MVVMStudyUITests" */;
			buildPhases = (
				8A58F4EB5890C62F79BB99B5 /* [CP] Check Pods Manifest.lock */,
				8573460E23A2549E00EF36F1 /* Sources */,
				8573460F23A2549E00EF36F1 /* Frameworks */,
				8573461023A2549E00EF36F1 /* Resources */,
				F55915A597AE29D5AB37FAD5 /* [CP] Embed Pods Frameworks */,
			);
			buildRules = (
			);
			dependencies = (
				8573461423A2549E00EF36F1 /* PBXTargetDependency */,
			);
			name = MVVMStudyUITests;
			productName = MVVMStudyUITests;
			productReference = 8573461223A2549E00EF36F1 /* MVVMStudyUITests.xctest */;
			productType = "com.apple.product-type.bundle.ui-testing";
		};
/* End PBXNativeTarget section */

/* Begin PBXProject section */
		857345E923A2549B00EF36F1 /* Project object */ = {
			isa = PBXProject;
			attributes = {
				LastSwiftUpdateCheck = 1100;
				LastUpgradeCheck = 1100;
				ORGANIZATIONNAME = "Evrensel Software Solutions";
				TargetAttributes = {
					857345F023A2549B00EF36F1 = {
						CreatedOnToolsVersion = 11.0;
					};
					8573460623A2549E00EF36F1 = {
						CreatedOnToolsVersion = 11.0;
						TestTargetID = 857345F023A2549B00EF36F1;
					};
					8573461123A2549E00EF36F1 = {
						CreatedOnToolsVersion = 11.0;
						TestTargetID = 857345F023A2549B00EF36F1;
					};
				};
			};
			buildConfigurationList = 857345EC23A2549B00EF36F1 /* Build configuration list for PBXProject "MVVMStudy" */;
			compatibilityVersion = "Xcode 9.3";
			developmentRegion = en;
			hasScannedForEncodings = 0;
			knownRegions = (
				en,
				Base,
			);
			mainGroup = 857345E823A2549B00EF36F1;
			productRefGroup = 857345F223A2549B00EF36F1 /* Products */;
			projectDirPath = "";
			projectRoot = "";
			targets = (
				857345F023A2549B00EF36F1 /* MVVMStudy */,
				8573460623A2549E00EF36F1 /* MVVMStudyTests */,
				8573461123A2549E00EF36F1 /* MVVMStudyUITests */,
			);
		};
/* End PBXProject section */

/* Begin PBXResourcesBuildPhase section */
		857345EF23A2549B00EF36F1 /* Resources */ = {
			isa = PBXResourcesBuildPhase;
			buildActionMask = 2147483647;
			files = (
				8573460123A2549D00EF36F1 /* LaunchScreen.storyboard in Resources */,
				857345FE23A2549D00EF36F1 /* Assets.xcassets in Resources */,
				857345FC23A2549B00EF36F1 /* Main.storyboard in Resources */,
			);
			runOnlyForDeploymentPostprocessing = 0;
		};
		8573460523A2549E00EF36F1 /* Resources */ = {
			isa = PBXResourcesBuildPhase;
			buildActionMask = 2147483647;
			files = (
			);
			runOnlyForDeploymentPostprocessing = 0;
		};
		8573461023A2549E00EF36F1 /* Resources */ = {
			isa = PBXResourcesBuildPhase;
			buildActionMask = 2147483647;
			files = (
			);
			runOnlyForDeploymentPostprocessing = 0;
		};
/* End PBXResourcesBuildPhase section */

/* Begin PBXShellScriptBuildPhase section */
		27D92B70CA4738C8100A0608 /* [CP] Check Pods Manifest.lock */ = {
			isa = PBXShellScriptBuildPhase;
			buildActionMask = 2147483647;
			files = (
			);
			inputFileListPaths = (
			);
			inputPaths = (
				"${PODS_PODFILE_DIR_PATH}/Podfile.lock",
				"${PODS_ROOT}/Manifest.lock",
			);
			name = "[CP] Check Pods Manifest.lock";
			outputFileListPaths = (
			);
			outputPaths = (
				"$(DERIVED_FILE_DIR)/Pods-MVVMStudy-checkManifestLockResult.txt",
			);
			runOnlyForDeploymentPostprocessing = 0;
			shellPath = /bin/sh;
			shellScript = "diff \"${PODS_PODFILE_DIR_PATH}/Podfile.lock\" \"${PODS_ROOT}/Manifest.lock\" > /dev/null\nif [ $? != 0 ] ; then\n    # print error to STDERR\n    echo \"error: The sandbox is not in sync with the Podfile.lock. Run 'pod install' or update your CocoaPods installation.\" >&2\n    exit 1\nfi\n# This output is used by Xcode 'outputs' to avoid re-running this script phase.\necho \"SUCCESS\" > \"${SCRIPT_OUTPUT_FILE_0}\"\n";
			showEnvVarsInLog = 0;
		};
		4AF96A742BEC31624BBEC840 /* [CP] Embed Pods Frameworks */ = {
			isa = PBXShellScriptBuildPhase;
			buildActionMask = 2147483647;
			files = (
			);
			inputFileListPaths = (
				"${PODS_ROOT}/Target Support Files/Pods-MVVMStudy/Pods-MVVMStudy-frameworks-${CONFIGURATION}-input-files.xcfilelist",
			);
			name = "[CP] Embed Pods Frameworks";
			outputFileListPaths = (
				"${PODS_ROOT}/Target Support Files/Pods-MVVMStudy/Pods-MVVMStudy-frameworks-${CONFIGURATION}-output-files.xcfilelist",
			);
			runOnlyForDeploymentPostprocessing = 0;
			shellPath = /bin/sh;
			shellScript = "\"${PODS_ROOT}/Target Support Files/Pods-MVVMStudy/Pods-MVVMStudy-frameworks.sh\"\n";
			showEnvVarsInLog = 0;
		};
		5B42F6DC7E8DB853097419F1 /* [CP] Check Pods Manifest.lock */ = {
			isa = PBXShellScriptBuildPhase;
			buildActionMask = 2147483647;
			files = (
			);
			inputFileListPaths = (
			);
			inputPaths = (
				"${PODS_PODFILE_DIR_PATH}/Podfile.lock",
				"${PODS_ROOT}/Manifest.lock",
			);
			name = "[CP] Check Pods Manifest.lock";
			outputFileListPaths = (
			);
			outputPaths = (
				"$(DERIVED_FILE_DIR)/Pods-MVVMStudyTests-checkManifestLockResult.txt",
			);
			runOnlyForDeploymentPostprocessing = 0;
			shellPath = /bin/sh;
			shellScript = "diff \"${PODS_PODFILE_DIR_PATH}/Podfile.lock\" \"${PODS_ROOT}/Manifest.lock\" > /dev/null\nif [ $? != 0 ] ; then\n    # print error to STDERR\n    echo \"error: The sandbox is not in sync with the Podfile.lock. Run 'pod install' or update your CocoaPods installation.\" >&2\n    exit 1\nfi\n# This output is used by Xcode 'outputs' to avoid re-running this script phase.\necho \"SUCCESS\" > \"${SCRIPT_OUTPUT_FILE_0}\"\n";
			showEnvVarsInLog = 0;
		};
		8A58F4EB5890C62F79BB99B5 /* [CP] Check Pods Manifest.lock */ = {
			isa = PBXShellScriptBuildPhase;
			buildActionMask = 2147483647;
			files = (
			);
			inputFileListPaths = (
			);
			inputPaths = (
				"${PODS_PODFILE_DIR_PATH}/Podfile.lock",
				"${PODS_ROOT}/Manifest.lock",
			);
			name = "[CP] Check Pods Manifest.lock";
			outputFileListPaths = (
			);
			outputPaths = (
				"$(DERIVED_FILE_DIR)/Pods-MVVMStudy-MVVMStudyUITests-checkManifestLockResult.txt",
			);
			runOnlyForDeploymentPostprocessing = 0;
			shellPath = /bin/sh;
			shellScript = "diff \"${PODS_PODFILE_DIR_PATH}/Podfile.lock\" \"${PODS_ROOT}/Manifest.lock\" > /dev/null\nif [ $? != 0 ] ; then\n    # print error to STDERR\n    echo \"error: The sandbox is not in sync with the Podfile.lock. Run 'pod install' or update your CocoaPods installation.\" >&2\n    exit 1\nfi\n# This output is used by Xcode 'outputs' to avoid re-running this script phase.\necho \"SUCCESS\" > \"${SCRIPT_OUTPUT_FILE_0}\"\n";
			showEnvVarsInLog = 0;
		};
		F55915A597AE29D5AB37FAD5 /* [CP] Embed Pods Frameworks */ = {
			isa = PBXShellScriptBuildPhase;
			buildActionMask = 2147483647;
			files = (
			);
			inputFileListPaths = (
				"${PODS_ROOT}/Target Support Files/Pods-MVVMStudy-MVVMStudyUITests/Pods-MVVMStudy-MVVMStudyUITests-frameworks-${CONFIGURATION}-input-files.xcfilelist",
			);
			name = "[CP] Embed Pods Frameworks";
			outputFileListPaths = (
				"${PODS_ROOT}/Target Support Files/Pods-MVVMStudy-MVVMStudyUITests/Pods-MVVMStudy-MVVMStudyUITests-frameworks-${CONFIGURATION}-output-files.xcfilelist",
			);
			runOnlyForDeploymentPostprocessing = 0;
			shellPath = /bin/sh;
			shellScript = "\"${PODS_ROOT}/Target Support Files/Pods-MVVMStudy-MVVMStudyUITests/Pods-MVVMStudy-MVVMStudyUITests-frameworks.sh\"\n";
			showEnvVarsInLog = 0;
		};
/* End PBXShellScriptBuildPhase section */

/* Begin PBXSourcesBuildPhase section */
		857345ED23A2549B00EF36F1 /* Sources */ = {
			isa = PBXSourcesBuildPhase;
			buildActionMask = 2147483647;
			files = (
				8573463423A90D8B00EF36F1 /* BaseWireFrame.swift in Sources */,
				8548F39F23B0FB0E00E08E9D /* ProductsTableViewAdapter.swift in Sources */,
				8548F37823AB710300E08E9D /* BasePresenter.swift in Sources */,
				8548F37223A9F5A300E08E9D /* ProductsInteractor.swift in Sources */,
				8548F3AA23B3745C00E08E9D /* MProductDetailViewModel.swift in Sources */,
				8573462D23A90BFB00EF36F1 /* ProductsViewController.swift in Sources */,
				8548F3A623B370E700E08E9D /* MProductDetailProtocols.swift in Sources */,
				857345F923A2549B00EF36F1 /* ViewController.swift in Sources */,
				8573463123A90D4200EF36F1 /* ProductsWireFrame.swift in Sources */,
				8548F3A423B370B900E08E9D /* MProductDetailViewController.swift in Sources */,
				8548F39823AD08FB00E08E9D /* MProductsProtocols.swift in Sources */,
				8548F37623AA669A00E08E9D /* Constants.swift in Sources */,
				857345F523A2549B00EF36F1 /* AppDelegate.swift in Sources */,
				8573463A23A9171E00EF36F1 /* BaseViewController.swift in Sources */,
				8573462F23A90C1A00EF36F1 /* ProductsProtocols.swift in Sources */,
				8548F39A23AD0BA800E08E9D /* MProductsModel.swift in Sources */,
				8548F37423AA5D0400E08E9D /* RemoteDataSource.swift in Sources */,
				8548F3B023B3993D00E08E9D /* NavigationEvent.swift in Sources */,
				8548F39D23B0E14400E08E9D /* Observable.swift in Sources */,
				8573462A23A2612700EF36F1 /* ProductsResponse.swift in Sources */,
				857345F723A2549B00EF36F1 /* SceneDelegate.swift in Sources */,
				8548F38723ACB12D00E08E9D /* ProductDetailViewController.swift in Sources */,
				8548F38923ACB13E00E08E9D /* ProductDetailWireFrame.swift in Sources */,
				8548F3B223B39D8200E08E9D /* BaseMvvMViewController.swift in Sources */,
				8548F38523ACB11E00E08E9D /* ProductDetailProtocols.swift in Sources */,
				8548F3A823B3712200E08E9D /* BaseModel.swift in Sources */,
				8548F39623AD08B200E08E9D /* MProductsViewModel.swift in Sources */,
				8573463823A9129800EF36F1 /* BaseView.swift in Sources */,
				8548F39423AD088A00E08E9D /* MProductsViewController.swift in Sources */,
				8548F3A123B35AA700E08E9D /* BaseViewModel.swift in Sources */,
				8548F38D23ACB15800E08E9D /* ProductDetailInteractor.swift in Sources */,
				8548F3FB23BE205100E08E9D /* Binding.swift in Sources */,
				8548F38B23ACB14900E08E9D /* ProductDetailPresenter.swift in Sources */,
				8548F3AC23B37CD200E08E9D /* MProductDetailModel.swift in Sources */,
				8573463623A9126200EF36F1 /* ProductsPresenter.swift in Sources */,
				8548F38F23ACB3C400E08E9D /* ProductDetail.swift in Sources */,
			);
			runOnlyForDeploymentPostprocessing = 0;
		};
		8573460323A2549E00EF36F1 /* Sources */ = {
			isa = PBXSourcesBuildPhase;
			buildActionMask = 2147483647;
			files = (
				8548F3F123B4C9B400E08E9D /* AppDelegate.swift in Sources */,
				8548F3B523B4C97200E08E9D /* MProductsViewController.swift in Sources */,
				8548F3E523B4C99900E08E9D /* BasePresenter.swift in Sources */,
				8548F3DA23B4C99300E08E9D /* BaseViewModel.swift in Sources */,
				8548F3B623B4C97200E08E9D /* MProductsModel.swift in Sources */,
				8548F3D023B4C98A00E08E9D /* ProductsViewController.swift in Sources */,
				8548F3DD23B4C99300E08E9D /* BaseMvvMViewController.swift in Sources */,
				8548F3C023B4C97A00E08E9D /* MProductDetailProtocols.swift in Sources */,
				8548F3E423B4C99900E08E9D /* BaseView.swift in Sources */,
				8548F3ED23B4C9A700E08E9D /* RemoteDataSource.swift in Sources */,
				8548F3C723B4C98000E08E9D /* ProductDetailWireFrame.swift in Sources */,
				8548F3B323B4C96200E08E9D /* MProductsViewModel.swift in Sources */,
				8548F3EB23B4C9A700E08E9D /* ProductsResponse.swift in Sources */,
				8548F3C823B4C98000E08E9D /* ProductDetailPresenter.swift in Sources */,
				8548F3B823B4C97200E08E9D /* MProductsProtocols.swift in Sources */,
				8548F3D323B4C98A00E08E9D /* ProductsInteractor.swift in Sources */,
				8548F3DC23B4C99300E08E9D /* NavigationEvent.swift in Sources */,
				8548F3C623B4C98000E08E9D /* ProductDetailViewController.swift in Sources */,
				8548F3D923B4C99300E08E9D /* Observable.swift in Sources */,
				8573460C23A2549E00EF36F1 /* MVVMStudyTests.swift in Sources */,
				8548F3D123B4C98A00E08E9D /* ProductsWireFrame.swift in Sources */,
				8548F3C923B4C98000E08E9D /* ProductDetailInteractor.swift in Sources */,
				8548F3E323B4C99900E08E9D /* BaseWireFrame.swift in Sources */,
				8548F3EC23B4C9A700E08E9D /* ProductDetail.swift in Sources */,
				8548F3BE23B4C97A00E08E9D /* MProductDetailViewModel.swift in Sources */,
				8548F3F323B4C9B400E08E9D /* Constants.swift in Sources */,
				8548F3B723B4C97200E08E9D /* ProductsTableViewAdapter.swift in Sources */,
				8548F3F223B4C9B400E08E9D /* ViewController.swift in Sources */,
				8548F3C523B4C98000E08E9D /* ProductDetailProtocols.swift in Sources */,
				8548F3CF23B4C98A00E08E9D /* ProductsProtocols.swift in Sources */,
				8548F3BF23B4C97A00E08E9D /* MProductDetailModel.swift in Sources */,
				8548F3BD23B4C97A00E08E9D /* MProductDetailViewController.swift in Sources */,
				8548F3DB23B4C99300E08E9D /* BaseModel.swift in Sources */,
				8548F3D223B4C98A00E08E9D /* ProductsPresenter.swift in Sources */,
				8548F3E923B4C99D00E08E9D /* BaseViewController.swift in Sources */,
			);
			runOnlyForDeploymentPostprocessing = 0;
		};
		8573460E23A2549E00EF36F1 /* Sources */ = {
			isa = PBXSourcesBuildPhase;
			buildActionMask = 2147483647;
			files = (
				8548F3F423B4C9B500E08E9D /* AppDelegate.swift in Sources */,
				8548F3B923B4C97300E08E9D /* MProductsViewController.swift in Sources */,
				8548F3E823B4C99900E08E9D /* BasePresenter.swift in Sources */,
				8548F3DF23B4C99400E08E9D /* BaseViewModel.swift in Sources */,
				8548F3BA23B4C97300E08E9D /* MProductsModel.swift in Sources */,
				8548F3D523B4C98A00E08E9D /* ProductsViewController.swift in Sources */,
				8548F3E223B4C99400E08E9D /* BaseMvvMViewController.swift in Sources */,
				8548F3C423B4C97B00E08E9D /* MProductDetailProtocols.swift in Sources */,
				8548F3E723B4C99900E08E9D /* BaseView.swift in Sources */,
				8548F3F023B4C9A700E08E9D /* RemoteDataSource.swift in Sources */,
				8548F3CC23B4C98100E08E9D /* ProductDetailWireFrame.swift in Sources */,
				8548F3B423B4C96300E08E9D /* MProductsViewModel.swift in Sources */,
				8548F3EE23B4C9A700E08E9D /* ProductsResponse.swift in Sources */,
				8548F3CD23B4C98100E08E9D /* ProductDetailPresenter.swift in Sources */,
				8548F3BC23B4C97300E08E9D /* MProductsProtocols.swift in Sources */,
				8548F3D823B4C98A00E08E9D /* ProductsInteractor.swift in Sources */,
				8548F3E123B4C99400E08E9D /* NavigationEvent.swift in Sources */,
				8548F3CB23B4C98100E08E9D /* ProductDetailViewController.swift in Sources */,
				8548F3DE23B4C99400E08E9D /* Observable.swift in Sources */,
				8573461723A2549E00EF36F1 /* MVVMStudyUITests.swift in Sources */,
				8548F3D623B4C98A00E08E9D /* ProductsWireFrame.swift in Sources */,
				8548F3CE23B4C98100E08E9D /* ProductDetailInteractor.swift in Sources */,
				8548F3E623B4C99900E08E9D /* BaseWireFrame.swift in Sources */,
				8548F3EF23B4C9A700E08E9D /* ProductDetail.swift in Sources */,
				8548F3C223B4C97B00E08E9D /* MProductDetailViewModel.swift in Sources */,
				8548F3F623B4C9B500E08E9D /* Constants.swift in Sources */,
				8548F3BB23B4C97300E08E9D /* ProductsTableViewAdapter.swift in Sources */,
				8548F3F523B4C9B500E08E9D /* ViewController.swift in Sources */,
				8548F3CA23B4C98100E08E9D /* ProductDetailProtocols.swift in Sources */,
				8548F3D423B4C98A00E08E9D /* ProductsProtocols.swift in Sources */,
				8548F3C323B4C97B00E08E9D /* MProductDetailModel.swift in Sources */,
				8548F3C123B4C97B00E08E9D /* MProductDetailViewController.swift in Sources */,
				8548F3E023B4C99400E08E9D /* BaseModel.swift in Sources */,
				8548F3D723B4C98A00E08E9D /* ProductsPresenter.swift in Sources */,
				8548F3EA23B4C99E00E08E9D /* BaseViewController.swift in Sources */,
			);
			runOnlyForDeploymentPostprocessing = 0;
		};
/* End PBXSourcesBuildPhase section */

/* Begin PBXTargetDependency section */
		8573460923A2549E00EF36F1 /* PBXTargetDependency */ = {
			isa = PBXTargetDependency;
			target = 857345F023A2549B00EF36F1 /* MVVMStudy */;
			targetProxy = 8573460823A2549E00EF36F1 /* PBXContainerItemProxy */;
		};
		8573461423A2549E00EF36F1 /* PBXTargetDependency */ = {
			isa = PBXTargetDependency;
			target = 857345F023A2549B00EF36F1 /* MVVMStudy */;
			targetProxy = 8573461323A2549E00EF36F1 /* PBXContainerItemProxy */;
		};
/* End PBXTargetDependency section */

/* Begin PBXVariantGroup section */
		857345FA23A2549B00EF36F1 /* Main.storyboard */ = {
			isa = PBXVariantGroup;
			children = (
				857345FB23A2549B00EF36F1 /* Base */,
			);
			name = Main.storyboard;
			sourceTree = "<group>";
		};
		857345FF23A2549D00EF36F1 /* LaunchScreen.storyboard */ = {
			isa = PBXVariantGroup;
			children = (
				8573460023A2549D00EF36F1 /* Base */,
			);
			name = LaunchScreen.storyboard;
			sourceTree = "<group>";
		};
/* End PBXVariantGroup section */

/* Begin XCBuildConfiguration section */
		8573461923A2549E00EF36F1 /* Debug */ = {
			isa = XCBuildConfiguration;
			buildSettings = {
				ALWAYS_SEARCH_USER_PATHS = NO;
				CLANG_ANALYZER_NONNULL = YES;
				CLANG_ANALYZER_NUMBER_OBJECT_CONVERSION = YES_AGGRESSIVE;
				CLANG_CXX_LANGUAGE_STANDARD = "gnu++14";
				CLANG_CXX_LIBRARY = "libc++";
				CLANG_ENABLE_MODULES = YES;
				CLANG_ENABLE_OBJC_ARC = YES;
				CLANG_ENABLE_OBJC_WEAK = YES;
				CLANG_WARN_BLOCK_CAPTURE_AUTORELEASING = YES;
				CLANG_WARN_BOOL_CONVERSION = YES;
				CLANG_WARN_COMMA = YES;
				CLANG_WARN_CONSTANT_CONVERSION = YES;
				CLANG_WARN_DEPRECATED_OBJC_IMPLEMENTATIONS = YES;
				CLANG_WARN_DIRECT_OBJC_ISA_USAGE = YES_ERROR;
				CLANG_WARN_DOCUMENTATION_COMMENTS = YES;
				CLANG_WARN_EMPTY_BODY = YES;
				CLANG_WARN_ENUM_CONVERSION = YES;
				CLANG_WARN_INFINITE_RECURSION = YES;
				CLANG_WARN_INT_CONVERSION = YES;
				CLANG_WARN_NON_LITERAL_NULL_CONVERSION = YES;
				CLANG_WARN_OBJC_IMPLICIT_RETAIN_SELF = YES;
				CLANG_WARN_OBJC_LITERAL_CONVERSION = YES;
				CLANG_WARN_OBJC_ROOT_CLASS = YES_ERROR;
				CLANG_WARN_RANGE_LOOP_ANALYSIS = YES;
				CLANG_WARN_STRICT_PROTOTYPES = YES;
				CLANG_WARN_SUSPICIOUS_MOVE = YES;
				CLANG_WARN_UNGUARDED_AVAILABILITY = YES_AGGRESSIVE;
				CLANG_WARN_UNREACHABLE_CODE = YES;
				CLANG_WARN__DUPLICATE_METHOD_MATCH = YES;
				COPY_PHASE_STRIP = NO;
				DEBUG_INFORMATION_FORMAT = dwarf;
				ENABLE_STRICT_OBJC_MSGSEND = YES;
				ENABLE_TESTABILITY = YES;
				GCC_C_LANGUAGE_STANDARD = gnu11;
				GCC_DYNAMIC_NO_PIC = NO;
				GCC_NO_COMMON_BLOCKS = YES;
				GCC_OPTIMIZATION_LEVEL = 0;
				GCC_PREPROCESSOR_DEFINITIONS = (
					"DEBUG=1",
					"$(inherited)",
				);
				GCC_WARN_64_TO_32_BIT_CONVERSION = YES;
				GCC_WARN_ABOUT_RETURN_TYPE = YES_ERROR;
				GCC_WARN_UNDECLARED_SELECTOR = YES;
				GCC_WARN_UNINITIALIZED_AUTOS = YES_AGGRESSIVE;
				GCC_WARN_UNUSED_FUNCTION = YES;
				GCC_WARN_UNUSED_VARIABLE = YES;
				IPHONEOS_DEPLOYMENT_TARGET = 13.0;
				MTL_ENABLE_DEBUG_INFO = INCLUDE_SOURCE;
				MTL_FAST_MATH = YES;
				ONLY_ACTIVE_ARCH = YES;
				SDKROOT = iphoneos;
				SWIFT_ACTIVE_COMPILATION_CONDITIONS = DEBUG;
				SWIFT_OPTIMIZATION_LEVEL = "-Onone";
			};
			name = Debug;
		};
		8573461A23A2549E00EF36F1 /* Release */ = {
			isa = XCBuildConfiguration;
			buildSettings = {
				ALWAYS_SEARCH_USER_PATHS = NO;
				CLANG_ANALYZER_NONNULL = YES;
				CLANG_ANALYZER_NUMBER_OBJECT_CONVERSION = YES_AGGRESSIVE;
				CLANG_CXX_LANGUAGE_STANDARD = "gnu++14";
				CLANG_CXX_LIBRARY = "libc++";
				CLANG_ENABLE_MODULES = YES;
				CLANG_ENABLE_OBJC_ARC = YES;
				CLANG_ENABLE_OBJC_WEAK = YES;
				CLANG_WARN_BLOCK_CAPTURE_AUTORELEASING = YES;
				CLANG_WARN_BOOL_CONVERSION = YES;
				CLANG_WARN_COMMA = YES;
				CLANG_WARN_CONSTANT_CONVERSION = YES;
				CLANG_WARN_DEPRECATED_OBJC_IMPLEMENTATIONS = YES;
				CLANG_WARN_DIRECT_OBJC_ISA_USAGE = YES_ERROR;
				CLANG_WARN_DOCUMENTATION_COMMENTS = YES;
				CLANG_WARN_EMPTY_BODY = YES;
				CLANG_WARN_ENUM_CONVERSION = YES;
				CLANG_WARN_INFINITE_RECURSION = YES;
				CLANG_WARN_INT_CONVERSION = YES;
				CLANG_WARN_NON_LITERAL_NULL_CONVERSION = YES;
				CLANG_WARN_OBJC_IMPLICIT_RETAIN_SELF = YES;
				CLANG_WARN_OBJC_LITERAL_CONVERSION = YES;
				CLANG_WARN_OBJC_ROOT_CLASS = YES_ERROR;
				CLANG_WARN_RANGE_LOOP_ANALYSIS = YES;
				CLANG_WARN_STRICT_PROTOTYPES = YES;
				CLANG_WARN_SUSPICIOUS_MOVE = YES;
				CLANG_WARN_UNGUARDED_AVAILABILITY = YES_AGGRESSIVE;
				CLANG_WARN_UNREACHABLE_CODE = YES;
				CLANG_WARN__DUPLICATE_METHOD_MATCH = YES;
				COPY_PHASE_STRIP = NO;
				DEBUG_INFORMATION_FORMAT = "dwarf-with-dsym";
				ENABLE_NS_ASSERTIONS = NO;
				ENABLE_STRICT_OBJC_MSGSEND = YES;
				GCC_C_LANGUAGE_STANDARD = gnu11;
				GCC_NO_COMMON_BLOCKS = YES;
				GCC_WARN_64_TO_32_BIT_CONVERSION = YES;
				GCC_WARN_ABOUT_RETURN_TYPE = YES_ERROR;
				GCC_WARN_UNDECLARED_SELECTOR = YES;
				GCC_WARN_UNINITIALIZED_AUTOS = YES_AGGRESSIVE;
				GCC_WARN_UNUSED_FUNCTION = YES;
				GCC_WARN_UNUSED_VARIABLE = YES;
				IPHONEOS_DEPLOYMENT_TARGET = 13.0;
				MTL_ENABLE_DEBUG_INFO = NO;
				MTL_FAST_MATH = YES;
				SDKROOT = iphoneos;
				SWIFT_COMPILATION_MODE = wholemodule;
				SWIFT_OPTIMIZATION_LEVEL = "-O";
				VALIDATE_PRODUCT = YES;
			};
			name = Release;
		};
		8573461C23A2549E00EF36F1 /* Debug */ = {
			isa = XCBuildConfiguration;
			baseConfigurationReference = 648725B33B50187CA8ECF79E /* Pods-MVVMStudy.debug.xcconfig */;
			buildSettings = {
				ASSETCATALOG_COMPILER_APPICON_NAME = AppIcon;
				CODE_SIGN_STYLE = Automatic;
				INFOPLIST_FILE = MVVMStudy/Info.plist;
				LD_RUNPATH_SEARCH_PATHS = (
					"$(inherited)",
					"@executable_path/Frameworks",
				);
				PRODUCT_BUNDLE_IDENTIFIER = com.evrensel.MVVMStudy;
				PRODUCT_NAME = "$(TARGET_NAME)";
				SWIFT_VERSION = 5.0;
				TARGETED_DEVICE_FAMILY = "1,2";
			};
			name = Debug;
		};
		8573461D23A2549E00EF36F1 /* Release */ = {
			isa = XCBuildConfiguration;
			baseConfigurationReference = 6B714A4E0A7BF7374B5C57B2 /* Pods-MVVMStudy.release.xcconfig */;
			buildSettings = {
				ASSETCATALOG_COMPILER_APPICON_NAME = AppIcon;
				CODE_SIGN_STYLE = Automatic;
				INFOPLIST_FILE = MVVMStudy/Info.plist;
				LD_RUNPATH_SEARCH_PATHS = (
					"$(inherited)",
					"@executable_path/Frameworks",
				);
				PRODUCT_BUNDLE_IDENTIFIER = com.evrensel.MVVMStudy;
				PRODUCT_NAME = "$(TARGET_NAME)";
				SWIFT_VERSION = 5.0;
				TARGETED_DEVICE_FAMILY = "1,2";
			};
			name = Release;
		};
		8573461F23A2549E00EF36F1 /* Debug */ = {
			isa = XCBuildConfiguration;
			baseConfigurationReference = 8610AD3D376622D4E0C5286A /* Pods-MVVMStudyTests.debug.xcconfig */;
			buildSettings = {
				ALWAYS_EMBED_SWIFT_STANDARD_LIBRARIES = YES;
				BUNDLE_LOADER = "$(TEST_HOST)";
				CODE_SIGN_STYLE = Automatic;
				INFOPLIST_FILE = MVVMStudyTests/Info.plist;
				IPHONEOS_DEPLOYMENT_TARGET = 13.0;
				LD_RUNPATH_SEARCH_PATHS = (
					"$(inherited)",
					"@executable_path/Frameworks",
					"@loader_path/Frameworks",
				);
				PRODUCT_BUNDLE_IDENTIFIER = com.evrensel.MVVMStudyTests;
				PRODUCT_NAME = "$(TARGET_NAME)";
				SWIFT_VERSION = 5.0;
				TARGETED_DEVICE_FAMILY = "1,2";
				TEST_HOST = "$(BUILT_PRODUCTS_DIR)/MVVMStudy.app/MVVMStudy";
			};
			name = Debug;
		};
		8573462023A2549E00EF36F1 /* Release */ = {
			isa = XCBuildConfiguration;
			baseConfigurationReference = 452CDD3031409FEE3E133B5A /* Pods-MVVMStudyTests.release.xcconfig */;
			buildSettings = {
				ALWAYS_EMBED_SWIFT_STANDARD_LIBRARIES = YES;
				BUNDLE_LOADER = "$(TEST_HOST)";
				CODE_SIGN_STYLE = Automatic;
				INFOPLIST_FILE = MVVMStudyTests/Info.plist;
				IPHONEOS_DEPLOYMENT_TARGET = 13.0;
				LD_RUNPATH_SEARCH_PATHS = (
					"$(inherited)",
					"@executable_path/Frameworks",
					"@loader_path/Frameworks",
				);
				PRODUCT_BUNDLE_IDENTIFIER = com.evrensel.MVVMStudyTests;
				PRODUCT_NAME = "$(TARGET_NAME)";
				SWIFT_VERSION = 5.0;
				TARGETED_DEVICE_FAMILY = "1,2";
				TEST_HOST = "$(BUILT_PRODUCTS_DIR)/MVVMStudy.app/MVVMStudy";
			};
			name = Release;
		};
		8573462223A2549E00EF36F1 /* Debug */ = {
			isa = XCBuildConfiguration;
			baseConfigurationReference = 5C59CA35E03F87DD5B24A6DD /* Pods-MVVMStudy-MVVMStudyUITests.debug.xcconfig */;
			buildSettings = {
				ALWAYS_EMBED_SWIFT_STANDARD_LIBRARIES = YES;
				CODE_SIGN_STYLE = Automatic;
				INFOPLIST_FILE = MVVMStudyUITests/Info.plist;
				LD_RUNPATH_SEARCH_PATHS = (
					"$(inherited)",
					"@executable_path/Frameworks",
					"@loader_path/Frameworks",
				);
				PRODUCT_BUNDLE_IDENTIFIER = com.evrensel.MVVMStudyUITests;
				PRODUCT_NAME = "$(TARGET_NAME)";
				SWIFT_VERSION = 5.0;
				TARGETED_DEVICE_FAMILY = "1,2";
				TEST_TARGET_NAME = MVVMStudy;
			};
			name = Debug;
		};
		8573462323A2549E00EF36F1 /* Release */ = {
			isa = XCBuildConfiguration;
			baseConfigurationReference = 4AC42AF3FD438447E570534C /* Pods-MVVMStudy-MVVMStudyUITests.release.xcconfig */;
			buildSettings = {
				ALWAYS_EMBED_SWIFT_STANDARD_LIBRARIES = YES;
				CODE_SIGN_STYLE = Automatic;
				INFOPLIST_FILE = MVVMStudyUITests/Info.plist;
				LD_RUNPATH_SEARCH_PATHS = (
					"$(inherited)",
					"@executable_path/Frameworks",
					"@loader_path/Frameworks",
				);
				PRODUCT_BUNDLE_IDENTIFIER = com.evrensel.MVVMStudyUITests;
				PRODUCT_NAME = "$(TARGET_NAME)";
				SWIFT_VERSION = 5.0;
				TARGETED_DEVICE_FAMILY = "1,2";
				TEST_TARGET_NAME = MVVMStudy;
			};
			name = Release;
		};
/* End XCBuildConfiguration section */

/* Begin XCConfigurationList section */
		857345EC23A2549B00EF36F1 /* Build configuration list for PBXProject "MVVMStudy" */ = {
			isa = XCConfigurationList;
			buildConfigurations = (
				8573461923A2549E00EF36F1 /* Debug */,
				8573461A23A2549E00EF36F1 /* Release */,
			);
			defaultConfigurationIsVisible = 0;
			defaultConfigurationName = Release;
		};
		8573461B23A2549E00EF36F1 /* Build configuration list for PBXNativeTarget "MVVMStudy" */ = {
			isa = XCConfigurationList;
			buildConfigurations = (
				8573461C23A2549E00EF36F1 /* Debug */,
				8573461D23A2549E00EF36F1 /* Release */,
			);
			defaultConfigurationIsVisible = 0;
			defaultConfigurationName = Release;
		};
		8573461E23A2549E00EF36F1 /* Build configuration list for PBXNativeTarget "MVVMStudyTests" */ = {
			isa = XCConfigurationList;
			buildConfigurations = (
				8573461F23A2549E00EF36F1 /* Debug */,
				8573462023A2549E00EF36F1 /* Release */,
			);
			defaultConfigurationIsVisible = 0;
			defaultConfigurationName = Release;
		};
		8573462123A2549E00EF36F1 /* Build configuration list for PBXNativeTarget "MVVMStudyUITests" */ = {
			isa = XCConfigurationList;
			buildConfigurations = (
				8573462223A2549E00EF36F1 /* Debug */,
				8573462323A2549E00EF36F1 /* Release */,
			);
			defaultConfigurationIsVisible = 0;
			defaultConfigurationName = Release;
		};
/* End XCConfigurationList section */
	};
	rootObject = 857345E923A2549B00EF36F1 /* Project object */;
}
